
Microsoft Visual Studio Solution File, Format Version 12.00
# Visual Studio Version 17
VisualStudioVersion = 17.10.35013.160
MinimumVisualStudioVersion = 10.0.40219.1
Project("{F2A71F9B-5D33-465A-A702-920D77279786}") = "FP_Lab01_FSharp", "FP_Lab01_FSharp\FP_Lab01_FSharp.fsproj", "{C1C83189-B9A7-4D74-9536-7B50B5E833DB}"
EndProject
Global
	GlobalSection(SolutionConfigurationPlatforms) = preSolution
		Debug|Any CPU = Debug|Any CPU
		Release|Any CPU = Release|Any CPU
	EndGlobalSection
	GlobalSection(ProjectConfigurationPlatforms) = postSolution
		{C1C83189-B9A7-4D74-9536-7B50B5E833DB}.Debug|Any CPU.ActiveCfg = Debug|Any CPU
		{C1C83189-B9A7-4D74-9536-7B50B5E833DB}.Debug|Any CPU.Build.0 = Debug|Any CPU
		{C1C83189-B9A7-4D74-9536-7B50B5E833DB}.Release|Any CPU.ActiveCfg = Release|Any CPU
		{C1C83189-B9A7-4D74-9536-7B50B5E833DB}.Release|Any CPU.Build.0 = Release|Any CPU
	EndGlobalSection
	GlobalSection(SolutionProperties) = preSolution
		HideSolutionNode = FALSE
	EndGlobalSection
	GlobalSection(ExtensibilityGlobals) = postSolution
		SolutionGuid = {797F8991-A7B0-446A-83B8-71C8211C44AA}
	EndGlobalSection
EndGlobal
